
Microsoft Visual Studio Solution File, Format Version 12.00
# Visual Studio Version 16
VisualStudioVersion = 16.0.30804.86
MinimumVisualStudioVersion = 10.0.40219.1
Project("{F184B08F-C81C-45F6-A57F-5ABD9991F28F}") = "Inventario", "Inventario.vbproj", "{4F1EBEBA-54AA-4D79-9A1E-63249101A7A0}"
EndProject
Global
	GlobalSection(SolutionConfigurationPlatforms) = preSolution
		Debug|Any CPU = Debug|Any CPU
		Release|Any CPU = Release|Any CPU
	EndGlobalSection
	GlobalSection(ProjectConfigurationPlatforms) = postSolution
		{4F1EBEBA-54AA-4D79-9A1E-63249101A7A0}.Debug|Any CPU.ActiveCfg = Debug|Any CPU
		{4F1EBEBA-54AA-4D79-9A1E-63249101A7A0}.Debug|Any CPU.Build.0 = Debug|Any CPU
		{4F1EBEBA-54AA-4D79-9A1E-63249101A7A0}.Release|Any CPU.ActiveCfg = Release|Any CPU
		{4F1EBEBA-54AA-4D79-9A1E-63249101A7A0}.Release|Any CPU.Build.0 = Release|Any CPU
	EndGlobalSection
	GlobalSection(SolutionProperties) = preSolution
		HideSolutionNode = FALSE
	EndGlobalSection
	GlobalSection(ExtensibilityGlobals) = postSolution
		SolutionGuid = {156D54C4-D2DC-4594-A60A-36010A191FB1}
	EndGlobalSection
EndGlobal
